
Microsoft Visual Studio Solution File, Format Version 12.00
# Visual Studio Version 17
VisualStudioVersion = 17.13.35828.75
MinimumVisualStudioVersion = 10.0.40219.1
Project("{FAE04EC0-301F-11D3-BF4B-00C04F79EFBC}") = "SmolCalc", "SmolCalc.csproj", "{A8CB42B3-29CE-4775-9F40-97EEEA2FB1B2}"
EndProject
Project("{54435603-DBB4-11D2-8724-00A0C9A8B90C}") = "SmolCalcInstaller", "..\SmolCalcInstaller\SmolCalcInstaller.vdproj", "{676C1894-D069-7252-E20B-0D1207A6CAF4}"
EndProject
Global
	GlobalSection(SolutionConfigurationPlatforms) = preSolution
		Debug|Any CPU = Debug|Any CPU
		Debug|ARM64 = Debug|ARM64
		Debug|x64 = Debug|x64
		Release|Any CPU = Release|Any CPU
		Release|ARM64 = Release|ARM64
		Release|x64 = Release|x64
	EndGlobalSection
	GlobalSection(ProjectConfigurationPlatforms) = postSolution
		{A8CB42B3-29CE-4775-9F40-97EEEA2FB1B2}.Debug|Any CPU.ActiveCfg = Debug|Any CPU
		{A8CB42B3-29CE-4775-9F40-97EEEA2FB1B2}.Debug|Any CPU.Build.0 = Debug|Any CPU
		{A8CB42B3-29CE-4775-9F40-97EEEA2FB1B2}.Debug|ARM64.ActiveCfg = Debug|ARM64
		{A8CB42B3-29CE-4775-9F40-97EEEA2FB1B2}.Debug|ARM64.Build.0 = Debug|ARM64
		{A8CB42B3-29CE-4775-9F40-97EEEA2FB1B2}.Debug|x64.ActiveCfg = Debug|x64
		{A8CB42B3-29CE-4775-9F40-97EEEA2FB1B2}.Debug|x64.Build.0 = Debug|x64
		{A8CB42B3-29CE-4775-9F40-97EEEA2FB1B2}.Release|Any CPU.ActiveCfg = Release|Any CPU
		{A8CB42B3-29CE-4775-9F40-97EEEA2FB1B2}.Release|Any CPU.Build.0 = Release|Any CPU
		{A8CB42B3-29CE-4775-9F40-97EEEA2FB1B2}.Release|ARM64.ActiveCfg = Release|ARM64
		{A8CB42B3-29CE-4775-9F40-97EEEA2FB1B2}.Release|ARM64.Build.0 = Release|ARM64
		{A8CB42B3-29CE-4775-9F40-97EEEA2FB1B2}.Release|x64.ActiveCfg = Release|x64
		{A8CB42B3-29CE-4775-9F40-97EEEA2FB1B2}.Release|x64.Build.0 = Release|x64
		{676C1894-D069-7252-E20B-0D1207A6CAF4}.Debug|Any CPU.ActiveCfg = Debug
		{676C1894-D069-7252-E20B-0D1207A6CAF4}.Debug|ARM64.ActiveCfg = Debug
		{676C1894-D069-7252-E20B-0D1207A6CAF4}.Debug|x64.ActiveCfg = Debug
		{676C1894-D069-7252-E20B-0D1207A6CAF4}.Release|Any CPU.ActiveCfg = Release
		{676C1894-D069-7252-E20B-0D1207A6CAF4}.Release|ARM64.ActiveCfg = Release
		{676C1894-D069-7252-E20B-0D1207A6CAF4}.Release|x64.ActiveCfg = Release
	EndGlobalSection
	GlobalSection(SolutionProperties) = preSolution
		HideSolutionNode = FALSE
	EndGlobalSection
	GlobalSection(ExtensibilityGlobals) = postSolution
		SolutionGuid = {C12EF811-5C7F-4D74-A67C-F82FE6FC986C}
	EndGlobalSection
EndGlobal
